
Microsoft Visual Studio Solution File, Format Version 12.00
# Visual Studio 15
VisualStudioVersion = 15.0.27703.2026
MinimumVisualStudioVersion = 10.0.40219.1
Project("{FAE04EC0-301F-11D3-BF4B-00C04F79EFBC}") = "MRsystem.Collections.MRX", "MRsystem.Collections.MRX\MRsystem.Collections.MRX.csproj", "{00516C14-8D18-4FF2-9363-100987108E5A}"
EndProject
Global
	GlobalSection(SolutionConfigurationPlatforms) = preSolution
		Debug|Any CPU = Debug|Any CPU
		Release|Any CPU = Release|Any CPU
	EndGlobalSection
	GlobalSection(ProjectConfigurationPlatforms) = postSolution
		{00516C14-8D18-4FF2-9363-100987108E5A}.Debug|Any CPU.ActiveCfg = Debug|Any CPU
		{00516C14-8D18-4FF2-9363-100987108E5A}.Debug|Any CPU.Build.0 = Debug|Any CPU
		{00516C14-8D18-4FF2-9363-100987108E5A}.Release|Any CPU.ActiveCfg = Release|Any CPU
		{00516C14-8D18-4FF2-9363-100987108E5A}.Release|Any CPU.Build.0 = Release|Any CPU
	EndGlobalSection
	GlobalSection(SolutionProperties) = preSolution
		HideSolutionNode = FALSE
	EndGlobalSection
	GlobalSection(ExtensibilityGlobals) = postSolution
		SolutionGuid = {347AD6EA-3F49-4495-87F9-9F887DF2E005}
	EndGlobalSection
EndGlobal
