
Microsoft Visual Studio Solution File, Format Version 12.00
# Visual Studio 15
VisualStudioVersion = 15.0.27703.2026
MinimumVisualStudioVersion = 10.0.40219.1
Project("{FAE04EC0-301F-11D3-BF4B-00C04F79EFBC}") = "ClassManageSystem.Students", "ClassManageSystem.Students\ClassManageSystem.Students.csproj", "{E3E834C3-D005-467F-9A10-A119CBF93D4E}"
EndProject
Global
	GlobalSection(SolutionConfigurationPlatforms) = preSolution
		Debug|Any CPU = Debug|Any CPU
		Release|Any CPU = Release|Any CPU
	EndGlobalSection
	GlobalSection(ProjectConfigurationPlatforms) = postSolution
		{E3E834C3-D005-467F-9A10-A119CBF93D4E}.Debug|Any CPU.ActiveCfg = Debug|Any CPU
		{E3E834C3-D005-467F-9A10-A119CBF93D4E}.Debug|Any CPU.Build.0 = Debug|Any CPU
		{E3E834C3-D005-467F-9A10-A119CBF93D4E}.Release|Any CPU.ActiveCfg = Release|Any CPU
		{E3E834C3-D005-467F-9A10-A119CBF93D4E}.Release|Any CPU.Build.0 = Release|Any CPU
	EndGlobalSection
	GlobalSection(SolutionProperties) = preSolution
		HideSolutionNode = FALSE
	EndGlobalSection
	GlobalSection(ExtensibilityGlobals) = postSolution
		SolutionGuid = {A22198D3-7B31-43DB-955F-1CA10A695772}
	EndGlobalSection
EndGlobal
