
Microsoft Visual Studio Solution File, Format Version 12.00
# Visual Studio 15
VisualStudioVersion = 15.0.27703.2026
MinimumVisualStudioVersion = 10.0.40219.1
Project("{FAE04EC0-301F-11D3-BF4B-00C04F79EFBC}") = "ClassManageSystem.Classes", "ClassManageSystem.Classes\ClassManageSystem.Classes.csproj", "{3FF52939-BD97-4A12-B9ED-887EF4F9CF08}"
EndProject
Global
	GlobalSection(SolutionConfigurationPlatforms) = preSolution
		Debug|Any CPU = Debug|Any CPU
		Release|Any CPU = Release|Any CPU
	EndGlobalSection
	GlobalSection(ProjectConfigurationPlatforms) = postSolution
		{3FF52939-BD97-4A12-B9ED-887EF4F9CF08}.Debug|Any CPU.ActiveCfg = Debug|Any CPU
		{3FF52939-BD97-4A12-B9ED-887EF4F9CF08}.Debug|Any CPU.Build.0 = Debug|Any CPU
		{3FF52939-BD97-4A12-B9ED-887EF4F9CF08}.Release|Any CPU.ActiveCfg = Release|Any CPU
		{3FF52939-BD97-4A12-B9ED-887EF4F9CF08}.Release|Any CPU.Build.0 = Release|Any CPU
	EndGlobalSection
	GlobalSection(SolutionProperties) = preSolution
		HideSolutionNode = FALSE
	EndGlobalSection
	GlobalSection(ExtensibilityGlobals) = postSolution
		SolutionGuid = {D9F66BBD-528F-4849-8679-F46F0E182767}
	EndGlobalSection
EndGlobal
